
Microsoft Visual Studio Solution File, Format Version 12.00
# Visual Studio Version 17
VisualStudioVersion = 17.8.34316.72
MinimumVisualStudioVersion = 10.0.40219.1
Project("{9A19103F-16F7-4668-BE54-9A1E7A4F7556}") = "basic_graph_implementation", "basic_graph_implmentation\basic_graph_implementation.csproj", "{FEFE803E-26EF-4580-85B1-9D8E78889767}"
EndProject
Project("{FAE04EC0-301F-11D3-BF4B-00C04F79EFBC}") = "GraphImplementationTests", "IntegrationTests\GraphImplementationTests.csproj", "{8867D800-448B-4405-BCB1-3E467348A596}"
EndProject
Global
	GlobalSection(SolutionConfigurationPlatforms) = preSolution
		Debug|Any CPU = Debug|Any CPU
		Release|Any CPU = Release|Any CPU
	EndGlobalSection
	GlobalSection(ProjectConfigurationPlatforms) = postSolution
		{FEFE803E-26EF-4580-85B1-9D8E78889767}.Debug|Any CPU.ActiveCfg = Debug|Any CPU
		{FEFE803E-26EF-4580-85B1-9D8E78889767}.Debug|Any CPU.Build.0 = Debug|Any CPU
		{FEFE803E-26EF-4580-85B1-9D8E78889767}.Release|Any CPU.ActiveCfg = Release|Any CPU
		{FEFE803E-26EF-4580-85B1-9D8E78889767}.Release|Any CPU.Build.0 = Release|Any CPU
		{8867D800-448B-4405-BCB1-3E467348A596}.Debug|Any CPU.ActiveCfg = Debug|Any CPU
		{8867D800-448B-4405-BCB1-3E467348A596}.Debug|Any CPU.Build.0 = Debug|Any CPU
		{8867D800-448B-4405-BCB1-3E467348A596}.Release|Any CPU.ActiveCfg = Release|Any CPU
		{8867D800-448B-4405-BCB1-3E467348A596}.Release|Any CPU.Build.0 = Release|Any CPU
	EndGlobalSection
	GlobalSection(SolutionProperties) = preSolution
		HideSolutionNode = FALSE
	EndGlobalSection
	GlobalSection(ExtensibilityGlobals) = postSolution
		SolutionGuid = {4E6EF21E-EDC6-41B7-A05E-4C016DDB4824}
	EndGlobalSection
EndGlobal
